
Microsoft Visual Studio Solution File, Format Version 12.00
# Visual Studio Version 17
VisualStudioVersion = 17.5.33516.290
MinimumVisualStudioVersion = 10.0.40219.1
Project("{FAE04EC0-301F-11D3-BF4B-00C04F79EFBC}") = "LifeManager", "LifeManager.csproj", "{0AF5523C-235D-442F-8B33-723F5F267BB7}"
EndProject
Global
	GlobalSection(SolutionConfigurationPlatforms) = preSolution
		Debug|Any CPU = Debug|Any CPU
		Release|Any CPU = Release|Any CPU
	EndGlobalSection
	GlobalSection(ProjectConfigurationPlatforms) = postSolution
		{0AF5523C-235D-442F-8B33-723F5F267BB7}.Debug|Any CPU.ActiveCfg = Debug|Any CPU
		{0AF5523C-235D-442F-8B33-723F5F267BB7}.Debug|Any CPU.Build.0 = Debug|Any CPU
		{0AF5523C-235D-442F-8B33-723F5F267BB7}.Release|Any CPU.ActiveCfg = Release|Any CPU
		{0AF5523C-235D-442F-8B33-723F5F267BB7}.Release|Any CPU.Build.0 = Release|Any CPU
	EndGlobalSection
	GlobalSection(SolutionProperties) = preSolution
		HideSolutionNode = FALSE
	EndGlobalSection
	GlobalSection(ExtensibilityGlobals) = postSolution
		SolutionGuid = {F66C3483-2D3E-432B-AC74-F9D9C4957F5B}
	EndGlobalSection
EndGlobal
